
Microsoft Visual Studio Solution File, Format Version 12.00
# Visual Studio Version 16
VisualStudioVersion = 16.0.31005.135
MinimumVisualStudioVersion = 10.0.40219.1
Project("{FAE04EC0-301F-11D3-BF4B-00C04F79EFBC}") = "ReactMemo", "ReactMemo\ReactMemo.csproj", "{ABC70F1F-A3B3-45BD-A829-48075DAD86DE}"
EndProject
Global
	GlobalSection(SolutionConfigurationPlatforms) = preSolution
		Debug|Any CPU = Debug|Any CPU
		Release|Any CPU = Release|Any CPU
	EndGlobalSection
	GlobalSection(ProjectConfigurationPlatforms) = postSolution
		{ABC70F1F-A3B3-45BD-A829-48075DAD86DE}.Debug|Any CPU.ActiveCfg = Debug|Any CPU
		{ABC70F1F-A3B3-45BD-A829-48075DAD86DE}.Debug|Any CPU.Build.0 = Debug|Any CPU
		{ABC70F1F-A3B3-45BD-A829-48075DAD86DE}.Release|Any CPU.ActiveCfg = Release|Any CPU
		{ABC70F1F-A3B3-45BD-A829-48075DAD86DE}.Release|Any CPU.Build.0 = Release|Any CPU
	EndGlobalSection
	GlobalSection(SolutionProperties) = preSolution
		HideSolutionNode = FALSE
	EndGlobalSection
	GlobalSection(ExtensibilityGlobals) = postSolution
		SolutionGuid = {4781442A-8AD6-4245-9669-0BEE0B7D6918}
	EndGlobalSection
EndGlobal
